PODS:
  - Alamofire (4.7.3)
  - Bolts (1.9.0):
    - Bolts/AppLinks (= 1.9.0)
    - Bolts/Tasks (= 1.9.0)
  - Bolts/AppLinks (1.9.0):
    - Bolts/Tasks
  - Bolts/Tasks (1.9.0)
  - CodableAlamofire (1.1.0):
    - Alamofire (~> 4.0)
  - FacebookCore (0.5.0):
    - Bolts (~> 1.9)
    - FBSDKCoreKit (~> 4.37)
  - FacebookLogin (0.5.0):
    - Bolts (~> 1.9)
    - FacebookCore (~> 0.5)
    - FBSDKCoreKit (~> 4.37)
    - FBSDKLoginKit (~> 4.37)
  - FBSDKCoreKit (4.37.0):
    - Bolts (~> 1.7)
  - FBSDKLoginKit (4.37.0):
    - FBSDKCoreKit
  - FormulaAPI (1.0.0):
    - Alamofire
    - CodableAlamofire
    - RxAlamofire
  - RxAlamofire (4.3.0):
    - RxAlamofire/Core (= 4.3.0)
  - RxAlamofire/Core (4.3.0):
    - Alamofire (~> 4.5)
    - RxSwift (~> 4)
  - RxSwift (4.3.1)
  - SVProgressHUD (2.2.5)

DEPENDENCIES:
  - FacebookCore
  - FacebookLogin
  - FormulaAPI (from `../FormulaAPI`)
  - SVProgressHUD

SPEC REPOS:
  https://github.com/cocoapods/specs.git:
    - Alamofire
    - Bolts
    - CodableAlamofire
    - FacebookCore
    - FacebookLogin
    - FBSDKCoreKit
    - FBSDKLoginKit
    - RxAlamofire
    - RxSwift
    - SVProgressHUD

EXTERNAL SOURCES:
  FormulaAPI:
    :path: "../FormulaAPI"

SPEC CHECKSUMS:
  Alamofire: c7287b6e5d7da964a70935e5db17046b7fde6568
  Bolts: ac6567323eac61e203f6a9763667d0f711be34c8
  CodableAlamofire: e2d2edcec7cf413f7862c30c8fa98eded27a83f9
  FacebookCore: 74288d0add931d361b1596beae787ab72c438249
  FacebookLogin: ebcf34714a1cb9f0759d9f071cfb01ed500996cf
  FBSDKCoreKit: fe5f3474499a81963e11e3f3a5c753d0a95ca2b4
  FBSDKLoginKit: 2f7249686d1e30ce8a5ef5400eedf50b3e3df332
  FormulaAPI: ea405001ed449ee26a00229f04c8170b7e2e7b4c
  RxAlamofire: 09624d0f2d48ed8b686e4eb4cf68e28cbd2df556
  RxSwift: fe0fd770a43acdb7d0a53da411c9b892e69bb6e4
  SVProgressHUD: 1428aafac632c1f86f62aa4243ec12008d7a51d6

PODFILE CHECKSUM: c0349affe6645a1cb296f22a3667b71cdfcd183e

COCOAPODS: 1.5.3
