// !$*UTF8*$!
{
	archiveVersion = 1;
	classes = {
	};
	objectVersion = 50;
	objects = {

/* Begin PBXBuildFile section */
		031C42F1217F34B900A22789 /* Device.swift in Sources */ = {isa = PBXBuildFile; fileRef = 031C42F0217F34B900A22789 /* Device.swift */; };
		031C42F5217F384800A22789 /* DriversVC.swift in Sources */ = {isa = PBXBuildFile; fileRef = 031C42F4217F384800A22789 /* DriversVC.swift */; };
		03AFCDBE217777450089D977 /* Pods_FormulaOne.framework in Frameworks */ = {isa = PBXBuildFile; fileRef = 288A4FCD7E84015FE43C6334 /* Pods_FormulaOne.framework */; };
		03EE2E5221774FB100E73F23 /* AppDelegate.swift in Sources */ = {isa = PBXBuildFile; fileRef = 03EE2E5121774FB100E73F23 /* AppDelegate.swift */; };
		03EE2E5921774FB300E73F23 /* Assets.xcassets in Resources */ = {isa = PBXBuildFile; fileRef = 03EE2E5821774FB300E73F23 /* Assets.xcassets */; };
		03EE2E5C21774FB300E73F23 /* LaunchScreen.storyboard in Resources */ = {isa = PBXBuildFile; fileRef = 03EE2E5A21774FB300E73F23 /* LaunchScreen.storyboard */; };
		03EF468D217F0F6400182884 /* DriversVC.xib in Resources */ = {isa = PBXBuildFile; fileRef = 03EF468B217F0F6400182884 /* DriversVC.xib */; };
		03EF4698217F10E200182884 /* DriverCell.swift in Sources */ = {isa = PBXBuildFile; fileRef = 03EF4696217F10E200182884 /* DriverCell.swift */; };
		03EF4699217F10E200182884 /* DriverCell.xib in Resources */ = {isa = PBXBuildFile; fileRef = 03EF4697217F10E200182884 /* DriverCell.xib */; };
		03EF469C217F134A00182884 /* NSObject+className.swift in Sources */ = {isa = PBXBuildFile; fileRef = 03EF469B217F134A00182884 /* NSObject+className.swift */; };
		03EF469F217F1BB100182884 /* DriverHeaderView.swift in Sources */ = {isa = PBXBuildFile; fileRef = 03EF469D217F1BB100182884 /* DriverHeaderView.swift */; };
		03EF46A0217F1BB100182884 /* DriverHeaderView.xib in Resources */ = {isa = PBXBuildFile; fileRef = 03EF469E217F1BB100182884 /* DriverHeaderView.xib */; };
		03EF46A2217F278C00182884 /* UIView+grayscale.swift in Sources */ = {isa = PBXBuildFile; fileRef = 03EF46A1217F278C00182884 /* UIView+grayscale.swift */; };
		03EF46A5217F29A100182884 /* ProfileVC.swift in Sources */ = {isa = PBXBuildFile; fileRef = 03EF46A3217F29A100182884 /* ProfileVC.swift */; };
		03EF46A6217F29A100182884 /* ProfileVC.xib in Resources */ = {isa = PBXBuildFile; fileRef = 03EF46A4217F29A100182884 /* ProfileVC.xib */; };
/* End PBXBuildFile section */

/* Begin PBXFileReference section */
		031C42F0217F34B900A22789 /* Device.swift */ = {isa = PBXFileReference; lastKnownFileType = sourcecode.swift; path = Device.swift; sourceTree = "<group>"; };
		031C42F4217F384800A22789 /* DriversVC.swift */ = {isa = PBXFileReference; fileEncoding = 4; lastKnownFileType = sourcecode.swift; path = DriversVC.swift; sourceTree = "<group>"; };
		03EE2E4E21774FB100E73F23 /* FormulaOne.app */ = {isa = PBXFileReference; explicitFileType = wrapper.application; includeInIndex = 0; path = FormulaOne.app; sourceTree = BUILT_PRODUCTS_DIR; };
		03EE2E5121774FB100E73F23 /* AppDelegate.swift */ = {isa = PBXFileReference; lastKnownFileType = sourcecode.swift; path = AppDelegate.swift; sourceTree = "<group>"; };
		03EE2E5821774FB300E73F23 /* Assets.xcassets */ = {isa = PBXFileReference; lastKnownFileType = folder.assetcatalog; path = Assets.xcassets; sourceTree = "<group>"; };
		03EE2E5B21774FB300E73F23 /* Base */ = {isa = PBXFileReference; lastKnownFileType = file.storyboard; name = Base; path = Base.lproj/LaunchScreen.storyboard; sourceTree = "<group>"; };
		03EE2E5D21774FB300E73F23 /* Info.plist */ = {isa = PBXFileReference; lastKnownFileType = text.plist.xml; path = Info.plist; sourceTree = "<group>"; };
		03EF468B217F0F6400182884 /* DriversVC.xib */ = {isa = PBXFileReference; lastKnownFileType = file.xib; path = DriversVC.xib; sourceTree = "<group>"; };
		03EF4696217F10E200182884 /* DriverCell.swift */ = {isa = PBXFileReference; lastKnownFileType = sourcecode.swift; path = DriverCell.swift; sourceTree = "<group>"; };
		03EF4697217F10E200182884 /* DriverCell.xib */ = {isa = PBXFileReference; lastKnownFileType = file.xib; path = DriverCell.xib; sourceTree = "<group>"; };
		03EF469B217F134A00182884 /* NSObject+className.swift */ = {isa = PBXFileReference; lastKnownFileType = sourcecode.swift; path = "NSObject+className.swift"; sourceTree = "<group>"; };
		03EF469D217F1BB100182884 /* DriverHeaderView.swift */ = {isa = PBXFileReference; lastKnownFileType = sourcecode.swift; path = DriverHeaderView.swift; sourceTree = "<group>"; };
		03EF469E217F1BB100182884 /* DriverHeaderView.xib */ = {isa = PBXFileReference; lastKnownFileType = file.xib; path = DriverHeaderView.xib; sourceTree = "<group>"; };
		03EF46A1217F278C00182884 /* UIView+grayscale.swift */ = {isa = PBXFileReference; lastKnownFileType = sourcecode.swift; path = "UIView+grayscale.swift"; sourceTree = "<group>"; };
		03EF46A3217F29A100182884 /* ProfileVC.swift */ = {isa = PBXFileReference; lastKnownFileType = sourcecode.swift; path = ProfileVC.swift; sourceTree = "<group>"; };
		03EF46A4217F29A100182884 /* ProfileVC.xib */ = {isa = PBXFileReference; lastKnownFileType = file.xib; path = ProfileVC.xib; sourceTree = "<group>"; };
		288A4FCD7E84015FE43C6334 /* Pods_FormulaOne.framework */ = {isa = PBXFileReference; explicitFileType = wrapper.framework; includeInIndex = 0; path = Pods_FormulaOne.framework; sourceTree = BUILT_PRODUCTS_DIR; };
		51529A9259734AF4B9753FCC /* Pods-FormulaOne.debug.xcconfig */ = {isa = PBXFileReference; includeInIndex = 1; lastKnownFileType = text.xcconfig; name = "Pods-FormulaOne.debug.xcconfig"; path = "Pods/Target Support Files/Pods-FormulaOne/Pods-FormulaOne.debug.xcconfig"; sourceTree = "<group>"; };
		B62AD157C52AE06C1DB4CF2C /* Pods-FormulaOne.release.xcconfig */ = {isa = PBXFileReference; includeInIndex = 1; lastKnownFileType = text.xcconfig; name = "Pods-FormulaOne.release.xcconfig"; path = "Pods/Target Support Files/Pods-FormulaOne/Pods-FormulaOne.release.xcconfig"; sourceTree = "<group>"; };
/* End PBXFileReference section */

/* Begin PBXFrameworksBuildPhase section */
		03EE2E4B21774FB100E73F23 /* Frameworks */ = {
			isa = PBXFrameworksBuildPhase;
			buildActionMask = 2147483647;
			files = (
				03AFCDBE217777450089D977 /* Pods_FormulaOne.framework in Frameworks */,
			);
			runOnlyForDeploymentPostprocessing = 0;
		};
/* End PBXFrameworksBuildPhase section */

/* Begin PBXGroup section */
		031C42EE217F34A200A22789 /* Extensions */ = {
			isa = PBXGroup;
			children = (
				03EF469B217F134A00182884 /* NSObject+className.swift */,
				03EF46A1217F278C00182884 /* UIView+grayscale.swift */,
			);
			path = Extensions;
			sourceTree = "<group>";
		};
		031C42EF217F34AC00A22789 /* Device */ = {
			isa = PBXGroup;
			children = (
				031C42F0217F34B900A22789 /* Device.swift */,
			);
			path = Device;
			sourceTree = "<group>";
		};
		031C42F2217F36B300A22789 /* SupportingFiles */ = {
			isa = PBXGroup;
			children = (
				03EE2E5A21774FB300E73F23 /* LaunchScreen.storyboard */,
				03EE2E5D21774FB300E73F23 /* Info.plist */,
			);
			path = SupportingFiles;
			sourceTree = "<group>";
		};
		031C42F3217F36C000A22789 /* Resources */ = {
			isa = PBXGroup;
			children = (
				03EE2E5821774FB300E73F23 /* Assets.xcassets */,
			);
			path = Resources;
			sourceTree = "<group>";
		};
		03EE2E4521774FB100E73F23 = {
			isa = PBXGroup;
			children = (
				03EE2E5021774FB100E73F23 /* FormulaOne */,
				03EE2E4F21774FB100E73F23 /* Products */,
				D188CA986344C218BC040E0F /* Pods */,
				CA8321BCF1CC3230310746DE /* Frameworks */,
			);
			sourceTree = "<group>";
		};
		03EE2E4F21774FB100E73F23 /* Products */ = {
			isa = PBXGroup;
			children = (
				03EE2E4E21774FB100E73F23 /* FormulaOne.app */,
			);
			name = Products;
			sourceTree = "<group>";
		};
		03EE2E5021774FB100E73F23 /* FormulaOne */ = {
			isa = PBXGroup;
			children = (
				03EF4685217F0F0A00182884 /* AppSpecific */,
				03EF469A217F132800182884 /* Common */,
				03EF4686217F0F1200182884 /* Modules */,
				031C42F3217F36C000A22789 /* Resources */,
				031C42F2217F36B300A22789 /* SupportingFiles */,
			);
			path = FormulaOne;
			sourceTree = "<group>";
		};
		03EF4685217F0F0A00182884 /* AppSpecific */ = {
			isa = PBXGroup;
			children = (
				03EE2E5121774FB100E73F23 /* AppDelegate.swift */,
			);
			path = AppSpecific;
			sourceTree = "<group>";
		};
		03EF4686217F0F1200182884 /* Modules */ = {
			isa = PBXGroup;
			children = (
				03EF4689217F0F4B00182884 /* Login */,
				03EF4688217F0F4200182884 /* Profile */,
				03EF4687217F0F3D00182884 /* DriverList */,
			);
			path = Modules;
			sourceTree = "<group>";
		};
		03EF4687217F0F3D00182884 /* DriverList */ = {
			isa = PBXGroup;
			children = (
				031C42F4217F384800A22789 /* DriversVC.swift */,
				03EF468B217F0F6400182884 /* DriversVC.xib */,
				03EF4696217F10E200182884 /* DriverCell.swift */,
				03EF4697217F10E200182884 /* DriverCell.xib */,
				03EF469D217F1BB100182884 /* DriverHeaderView.swift */,
				03EF469E217F1BB100182884 /* DriverHeaderView.xib */,
			);
			path = DriverList;
			sourceTree = "<group>";
		};
		03EF4688217F0F4200182884 /* Profile */ = {
			isa = PBXGroup;
			children = (
				03EF46A3217F29A100182884 /* ProfileVC.swift */,
				03EF46A4217F29A100182884 /* ProfileVC.xib */,
			);
			path = Profile;
			sourceTree = "<group>";
		};
		03EF4689217F0F4B00182884 /* Login */ = {
			isa = PBXGroup;
			children = (
			);
			path = Login;
			sourceTree = "<group>";
		};
		03EF469A217F132800182884 /* Common */ = {
			isa = PBXGroup;
			children = (
				031C42EF217F34AC00A22789 /* Device */,
				03EF46A7217F2C8E00182884 /* Interfaces */,
				031C42EE217F34A200A22789 /* Extensions */,
			);
			path = Common;
			sourceTree = "<group>";
		};
		03EF46A7217F2C8E00182884 /* Interfaces */ = {
			isa = PBXGroup;
			children = (
			);
			path = Interfaces;
			sourceTree = "<group>";
		};
		CA8321BCF1CC3230310746DE /* Frameworks */ = {
			isa = PBXGroup;
			children = (
				288A4FCD7E84015FE43C6334 /* Pods_FormulaOne.framework */,
			);
			name = Frameworks;
			sourceTree = "<group>";
		};
		D188CA986344C218BC040E0F /* Pods */ = {
			isa = PBXGroup;
			children = (
				51529A9259734AF4B9753FCC /* Pods-FormulaOne.debug.xcconfig */,
				B62AD157C52AE06C1DB4CF2C /* Pods-FormulaOne.release.xcconfig */,
			);
			name = Pods;
			sourceTree = "<group>";
		};
/* End PBXGroup section */

/* Begin PBXNativeTarget section */
		03EE2E4D21774FB100E73F23 /* FormulaOne */ = {
			isa = PBXNativeTarget;
			buildConfigurationList = 03EE2E6021774FB300E73F23 /* Build configuration list for PBXNativeTarget "FormulaOne" */;
			buildPhases = (
				02A4D37CE4C8DDA63710FA11 /* [CP] Check Pods Manifest.lock */,
				03EE2E4A21774FB100E73F23 /* Sources */,
				03EE2E4B21774FB100E73F23 /* Frameworks */,
				03EE2E4C21774FB100E73F23 /* Resources */,
				E925766F0A89DD35A0E8B43A /* [CP] Embed Pods Frameworks */,
			);
			buildRules = (
			);
			dependencies = (
			);
			name = FormulaOne;
			productName = FormulaOne;
			productReference = 03EE2E4E21774FB100E73F23 /* FormulaOne.app */;
			productType = "com.apple.product-type.application";
		};
/* End PBXNativeTarget section */

/* Begin PBXProject section */
		03EE2E4621774FB100E73F23 /* Project object */ = {
			isa = PBXProject;
			attributes = {
				LastSwiftUpdateCheck = 1000;
				LastUpgradeCheck = 1000;
				ORGANIZATIONNAME = "Antonio Ivcec";
				TargetAttributes = {
					03EE2E4D21774FB100E73F23 = {
						CreatedOnToolsVersion = 10.0;
					};
				};
			};
			buildConfigurationList = 03EE2E4921774FB100E73F23 /* Build configuration list for PBXProject "FormulaOne" */;
			compatibilityVersion = "Xcode 9.3";
			developmentRegion = en;
			hasScannedForEncodings = 0;
			knownRegions = (
				en,
				Base,
			);
			mainGroup = 03EE2E4521774FB100E73F23;
			productRefGroup = 03EE2E4F21774FB100E73F23 /* Products */;
			projectDirPath = "";
			projectRoot = "";
			targets = (
				03EE2E4D21774FB100E73F23 /* FormulaOne */,
			);
		};
/* End PBXProject section */

/* Begin PBXResourcesBuildPhase section */
		03EE2E4C21774FB100E73F23 /* Resources */ = {
			isa = PBXResourcesBuildPhase;
			buildActionMask = 2147483647;
			files = (
				03EE2E5C21774FB300E73F23 /* LaunchScreen.storyboard in Resources */,
				03EF4699217F10E200182884 /* DriverCell.xib in Resources */,
				03EE2E5921774FB300E73F23 /* Assets.xcassets in Resources */,
				03EF468D217F0F6400182884 /* DriversVC.xib in Resources */,
				03EF46A6217F29A100182884 /* ProfileVC.xib in Resources */,
				03EF46A0217F1BB100182884 /* DriverHeaderView.xib in Resources */,
			);
			runOnlyForDeploymentPostprocessing = 0;
		};
/* End PBXResourcesBuildPhase section */

/* Begin PBXShellScriptBuildPhase section */
		02A4D37CE4C8DDA63710FA11 /* [CP] Check Pods Manifest.lock */ = {
			isa = PBXShellScriptBuildPhase;
			buildActionMask = 2147483647;
			files = (
			);
			inputFileListPaths = (
			);
			inputPaths = (
				"${PODS_PODFILE_DIR_PATH}/Podfile.lock",
				"${PODS_ROOT}/Manifest.lock",
			);
			name = "[CP] Check Pods Manifest.lock";
			outputFileListPaths = (
			);
			outputPaths = (
				"$(DERIVED_FILE_DIR)/Pods-FormulaOne-checkManifestLockResult.txt",
			);
			runOnlyForDeploymentPostprocessing = 0;
			shellPath = /bin/sh;
			shellScript = "diff \"${PODS_PODFILE_DIR_PATH}/Podfile.lock\" \"${PODS_ROOT}/Manifest.lock\" > /dev/null\nif [ $? != 0 ] ; then\n    # print error to STDERR\n    echo \"error: The sandbox is not in sync with the Podfile.lock. Run 'pod install' or update your CocoaPods installation.\" >&2\n    exit 1\nfi\n# This output is used by Xcode 'outputs' to avoid re-running this script phase.\necho \"SUCCESS\" > \"${SCRIPT_OUTPUT_FILE_0}\"\n";
			showEnvVarsInLog = 0;
		};
		E925766F0A89DD35A0E8B43A /* [CP] Embed Pods Frameworks */ = {
			isa = PBXShellScriptBuildPhase;
			buildActionMask = 2147483647;
			files = (
			);
			inputFileListPaths = (
			);
			inputPaths = (
				"${SRCROOT}/Pods/Target Support Files/Pods-FormulaOne/Pods-FormulaOne-frameworks.sh",
				"${BUILT_PRODUCTS_DIR}/Alamofire/Alamofire.framework",
				"${BUILT_PRODUCTS_DIR}/CodableAlamofire/CodableAlamofire.framework",
				"${BUILT_PRODUCTS_DIR}/FormulaAPI/FormulaAPI.framework",
				"${BUILT_PRODUCTS_DIR}/RxAlamofire/RxAlamofire.framework",
				"${BUILT_PRODUCTS_DIR}/RxSwift/RxSwift.framework",
			);
			name = "[CP] Embed Pods Frameworks";
			outputFileListPaths = (
			);
			outputPaths = (
				"${TARGET_BUILD_DIR}/${FRAMEWORKS_FOLDER_PATH}/Alamofire.framework",
				"${TARGET_BUILD_DIR}/${FRAMEWORKS_FOLDER_PATH}/CodableAlamofire.framework",
				"${TARGET_BUILD_DIR}/${FRAMEWORKS_FOLDER_PATH}/FormulaAPI.framework",
				"${TARGET_BUILD_DIR}/${FRAMEWORKS_FOLDER_PATH}/RxAlamofire.framework",
				"${TARGET_BUILD_DIR}/${FRAMEWORKS_FOLDER_PATH}/RxSwift.framework",
			);
			runOnlyForDeploymentPostprocessing = 0;
			shellPath = /bin/sh;
			shellScript = "\"${SRCROOT}/Pods/Target Support Files/Pods-FormulaOne/Pods-FormulaOne-frameworks.sh\"\n";
			showEnvVarsInLog = 0;
		};
/* End PBXShellScriptBuildPhase section */

/* Begin PBXSourcesBuildPhase section */
		03EE2E4A21774FB100E73F23 /* Sources */ = {
			isa = PBXSourcesBuildPhase;
			buildActionMask = 2147483647;
			files = (
				031C42F5217F384800A22789 /* DriversVC.swift in Sources */,
				03EF469C217F134A00182884 /* NSObject+className.swift in Sources */,
				03EF46A2217F278C00182884 /* UIView+grayscale.swift in Sources */,
				031C42F1217F34B900A22789 /* Device.swift in Sources */,
				03EF46A5217F29A100182884 /* ProfileVC.swift in Sources */,
				03EF469F217F1BB100182884 /* DriverHeaderView.swift in Sources */,
				03EF4698217F10E200182884 /* DriverCell.swift in Sources */,
				03EE2E5221774FB100E73F23 /* AppDelegate.swift in Sources */,
			);
			runOnlyForDeploymentPostprocessing = 0;
		};
/* End PBXSourcesBuildPhase section */

/* Begin PBXVariantGroup section */
		03EE2E5A21774FB300E73F23 /* LaunchScreen.storyboard */ = {
			isa = PBXVariantGroup;
			children = (
				03EE2E5B21774FB300E73F23 /* Base */,
			);
			name = LaunchScreen.storyboard;
			sourceTree = "<group>";
		};
/* End PBXVariantGroup section */

/* Begin XCBuildConfiguration section */
		03EE2E5E21774FB300E73F23 /* Debug */ = {
			isa = XCBuildConfiguration;
			buildSettings = {
				ALWAYS_SEARCH_USER_PATHS = NO;
				CLANG_ANALYZER_NONNULL = YES;
				CLANG_ANALYZER_NUMBER_OBJECT_CONVERSION = YES_AGGRESSIVE;
				CLANG_CXX_LANGUAGE_STANDARD = "gnu++14";
				CLANG_CXX_LIBRARY = "libc++";
				CLANG_ENABLE_MODULES = YES;
				CLANG_ENABLE_OBJC_ARC = YES;
				CLANG_ENABLE_OBJC_WEAK = YES;
				CLANG_WARN_BLOCK_CAPTURE_AUTORELEASING = YES;
				CLANG_WARN_BOOL_CONVERSION = YES;
				CLANG_WARN_COMMA = YES;
				CLANG_WARN_CONSTANT_CONVERSION = YES;
				CLANG_WARN_DEPRECATED_OBJC_IMPLEMENTATIONS = YES;
				CLANG_WARN_DIRECT_OBJC_ISA_USAGE = YES_ERROR;
				CLANG_WARN_DOCUMENTATION_COMMENTS = YES;
				CLANG_WARN_EMPTY_BODY = YES;
				CLANG_WARN_ENUM_CONVERSION = YES;
				CLANG_WARN_INFINITE_RECURSION = YES;
				CLANG_WARN_INT_CONVERSION = YES;
				CLANG_WARN_NON_LITERAL_NULL_CONVERSION = YES;
				CLANG_WARN_OBJC_IMPLICIT_RETAIN_SELF = YES;
				CLANG_WARN_OBJC_LITERAL_CONVERSION = YES;
				CLANG_WARN_OBJC_ROOT_CLASS = YES_ERROR;
				CLANG_WARN_RANGE_LOOP_ANALYSIS = YES;
				CLANG_WARN_STRICT_PROTOTYPES = YES;
				CLANG_WARN_SUSPICIOUS_MOVE = YES;
				CLANG_WARN_UNGUARDED_AVAILABILITY = YES_AGGRESSIVE;
				CLANG_WARN_UNREACHABLE_CODE = YES;
				CLANG_WARN__DUPLICATE_METHOD_MATCH = YES;
				CODE_SIGN_IDENTITY = "iPhone Developer";
				COPY_PHASE_STRIP = NO;
				DEBUG_INFORMATION_FORMAT = dwarf;
				ENABLE_STRICT_OBJC_MSGSEND = YES;
				ENABLE_TESTABILITY = YES;
				GCC_C_LANGUAGE_STANDARD = gnu11;
				GCC_DYNAMIC_NO_PIC = NO;
				GCC_NO_COMMON_BLOCKS = YES;
				GCC_OPTIMIZATION_LEVEL = 0;
				GCC_PREPROCESSOR_DEFINITIONS = (
					"DEBUG=1",
					"$(inherited)",
				);
				GCC_WARN_64_TO_32_BIT_CONVERSION = YES;
				GCC_WARN_ABOUT_RETURN_TYPE = YES_ERROR;
				GCC_WARN_UNDECLARED_SELECTOR = YES;
				GCC_WARN_UNINITIALIZED_AUTOS = YES_AGGRESSIVE;
				GCC_WARN_UNUSED_FUNCTION = YES;
				GCC_WARN_UNUSED_VARIABLE = YES;
				IPHONEOS_DEPLOYMENT_TARGET = 12.0;
				MTL_ENABLE_DEBUG_INFO = INCLUDE_SOURCE;
				MTL_FAST_MATH = YES;
				ONLY_ACTIVE_ARCH = YES;
				SDKROOT = iphoneos;
				SWIFT_ACTIVE_COMPILATION_CONDITIONS = DEBUG;
				SWIFT_OPTIMIZATION_LEVEL = "-Onone";
			};
			name = Debug;
		};
		03EE2E5F21774FB300E73F23 /* Release */ = {
			isa = XCBuildConfiguration;
			buildSettings = {
				ALWAYS_SEARCH_USER_PATHS = NO;
				CLANG_ANALYZER_NONNULL = YES;
				CLANG_ANALYZER_NUMBER_OBJECT_CONVERSION = YES_AGGRESSIVE;
				CLANG_CXX_LANGUAGE_STANDARD = "gnu++14";
				CLANG_CXX_LIBRARY = "libc++";
				CLANG_ENABLE_MODULES = YES;
				CLANG_ENABLE_OBJC_ARC = YES;
				CLANG_ENABLE_OBJC_WEAK = YES;
				CLANG_WARN_BLOCK_CAPTURE_AUTORELEASING = YES;
				CLANG_WARN_BOOL_CONVERSION = YES;
				CLANG_WARN_COMMA = YES;
				CLANG_WARN_CONSTANT_CONVERSION = YES;
				CLANG_WARN_DEPRECATED_OBJC_IMPLEMENTATIONS = YES;
				CLANG_WARN_DIRECT_OBJC_ISA_USAGE = YES_ERROR;
				CLANG_WARN_DOCUMENTATION_COMMENTS = YES;
				CLANG_WARN_EMPTY_BODY = YES;
				CLANG_WARN_ENUM_CONVERSION = YES;
				CLANG_WARN_INFINITE_RECURSION = YES;
				CLANG_WARN_INT_CONVERSION = YES;
				CLANG_WARN_NON_LITERAL_NULL_CONVERSION = YES;
				CLANG_WARN_OBJC_IMPLICIT_RETAIN_SELF = YES;
				CLANG_WARN_OBJC_LITERAL_CONVERSION = YES;
				CLANG_WARN_OBJC_ROOT_CLASS = YES_ERROR;
				CLANG_WARN_RANGE_LOOP_ANALYSIS = YES;
				CLANG_WARN_STRICT_PROTOTYPES = YES;
				CLANG_WARN_SUSPICIOUS_MOVE = YES;
				CLANG_WARN_UNGUARDED_AVAILABILITY = YES_AGGRESSIVE;
				CLANG_WARN_UNREACHABLE_CODE = YES;
				CLANG_WARN__DUPLICATE_METHOD_MATCH = YES;
				CODE_SIGN_IDENTITY = "iPhone Developer";
				COPY_PHASE_STRIP = NO;
				DEBUG_INFORMATION_FORMAT = "dwarf-with-dsym";
				ENABLE_NS_ASSERTIONS = NO;
				ENABLE_STRICT_OBJC_MSGSEND = YES;
				GCC_C_LANGUAGE_STANDARD = gnu11;
				GCC_NO_COMMON_BLOCKS = YES;
				GCC_WARN_64_TO_32_BIT_CONVERSION = YES;
				GCC_WARN_ABOUT_RETURN_TYPE = YES_ERROR;
				GCC_WARN_UNDECLARED_SELECTOR = YES;
				GCC_WARN_UNINITIALIZED_AUTOS = YES_AGGRESSIVE;
				GCC_WARN_UNUSED_FUNCTION = YES;
				GCC_WARN_UNUSED_VARIABLE = YES;
				IPHONEOS_DEPLOYMENT_TARGET = 12.0;
				MTL_ENABLE_DEBUG_INFO = NO;
				MTL_FAST_MATH = YES;
				SDKROOT = iphoneos;
				SWIFT_COMPILATION_MODE = wholemodule;
				SWIFT_OPTIMIZATION_LEVEL = "-O";
				VALIDATE_PRODUCT = YES;
			};
			name = Release;
		};
		03EE2E6121774FB300E73F23 /* Debug */ = {
			isa = XCBuildConfiguration;
			baseConfigurationReference = 51529A9259734AF4B9753FCC /* Pods-FormulaOne.debug.xcconfig */;
			buildSettings = {
				ASSETCATALOG_COMPILER_APPICON_NAME = AppIcon;
				CODE_SIGN_STYLE = Automatic;
				DEVELOPMENT_TEAM = 46C6399N5N;
				INFOPLIST_FILE = "$(SRCROOT)/FormulaOne/SupportingFiles/Info.plist";
				LD_RUNPATH_SEARCH_PATHS = (
					"$(inherited)",
					"@executable_path/Frameworks",
				);
				PRODUCT_BUNDLE_IDENTIFIER = com.aivcec.FormulaOne;
				PRODUCT_NAME = "$(TARGET_NAME)";
				SWIFT_VERSION = 4.2;
				TARGETED_DEVICE_FAMILY = "1,2";
			};
			name = Debug;
		};
		03EE2E6221774FB300E73F23 /* Release */ = {
			isa = XCBuildConfiguration;
			baseConfigurationReference = B62AD157C52AE06C1DB4CF2C /* Pods-FormulaOne.release.xcconfig */;
			buildSettings = {
				ASSETCATALOG_COMPILER_APPICON_NAME = AppIcon;
				CODE_SIGN_STYLE = Automatic;
				DEVELOPMENT_TEAM = 46C6399N5N;
				INFOPLIST_FILE = "$(SRCROOT)/FormulaOne/SupportingFiles/Info.plist";
				LD_RUNPATH_SEARCH_PATHS = (
					"$(inherited)",
					"@executable_path/Frameworks",
				);
				PRODUCT_BUNDLE_IDENTIFIER = com.aivcec.FormulaOne;
				PRODUCT_NAME = "$(TARGET_NAME)";
				SWIFT_VERSION = 4.2;
				TARGETED_DEVICE_FAMILY = "1,2";
			};
			name = Release;
		};
/* End XCBuildConfiguration section */

/* Begin XCConfigurationList section */
		03EE2E4921774FB100E73F23 /* Build configuration list for PBXProject "FormulaOne" */ = {
			isa = XCConfigurationList;
			buildConfigurations = (
				03EE2E5E21774FB300E73F23 /* Debug */,
				03EE2E5F21774FB300E73F23 /* Release */,
			);
			defaultConfigurationIsVisible = 0;
			defaultConfigurationName = Release;
		};
		03EE2E6021774FB300E73F23 /* Build configuration list for PBXNativeTarget "FormulaOne" */ = {
			isa = XCConfigurationList;
			buildConfigurations = (
				03EE2E6121774FB300E73F23 /* Debug */,
				03EE2E6221774FB300E73F23 /* Release */,
			);
			defaultConfigurationIsVisible = 0;
			defaultConfigurationName = Release;
		};
/* End XCConfigurationList section */
	};
	rootObject = 03EE2E4621774FB100E73F23 /* Project object */;
}
